// !$*UTF8*$!
{
	archiveVersion = 1;
	classes = {
	};
	objectVersion = 77;
	objects = {

/* Begin PBXContainerItemProxy section */
		638CCD6D2F311808002D1962 /* PBXContainerItemProxy */ = {
			isa = PBXContainerItemProxy;
			containerPortal = 638CCD572F311806002D1962 /* Project object */;
			proxyType = 1;
			remoteGlobalIDString = 638CCD5E2F311806002D1962;
			remoteInfo = ShortVideoFeed;
		};
		638CCD772F311808002D1962 /* PBXContainerItemProxy */ = {
			isa = PBXContainerItemProxy;
			containerPortal = 638CCD572F311806002D1962 /* Project object */;
			proxyType = 1;
			remoteGlobalIDString = 638CCD5E2F311806002D1962;
			remoteInfo = ShortVideoFeed;
		};
/* End PBXContainerItemProxy section */

/* Begin PBXFileReference section */
		638CCD5F2F311806002D1962 /* ShortVideoFeed.app */ = {isa = PBXFileReference; explicitFileType = wrapper.application; includeInIndex = 0; path = ShortVideoFeed.app; sourceTree = BUILT_PRODUCTS_DIR; };
		638CCD6C2F311808002D1962 /* ShortVideoFeedTests.xctest */ = {isa = PBXFileReference; explicitFileType = wrapper.cfbundle; includeInIndex = 0; path = ShortVideoFeedTests.xctest; sourceTree = BUILT_PRODUCTS_DIR; };
		638CCD762F311808002D1962 /* ShortVideoFeedUITests.xctest */ = {isa = PBXFileReference; explicitFileType = wrapper.cfbundle; includeInIndex = 0; path = ShortVideoFeedUITests.xctest; sourceTree = BUILT_PRODUCTS_DIR; };
/* End PBXFileReference section */

/* Begin PBXFileSystemSynchronizedRootGroup section */
		638CCD612F311806002D1962 /* ShortVideoFeed */ = {
			isa = PBXFileSystemSynchronizedRootGroup;
			path = ShortVideoFeed;
			sourceTree = "<group>";
		};
		638CCD6F2F311808002D1962 /* ShortVideoFeedTests */ = {
			isa = PBXFileSystemSynchronizedRootGroup;
			path = ShortVideoFeedTests;
			sourceTree = "<group>";
		};
		638CCD792F311808002D1962 /* ShortVideoFeedUITests */ = {
			isa = PBXFileSystemSynchronizedRootGroup;
			path = ShortVideoFeedUITests;
			sourceTree = "<group>";
		};
/* End PBXFileSystemSynchronizedRootGroup section */

/* Begin PBXFrameworksBuildPhase section */
		638CCD5C2F311806002D1962 /* Frameworks */ = {
			isa = PBXFrameworksBuildPhase;
			buildActionMask = 2147483647;
			files = (
			);
			runOnlyForDeploymentPostprocessing = 0;
		};
		638CCD692F311808002D1962 /* Frameworks */ = {
			isa = PBXFrameworksBuildPhase;
			buildActionMask = 2147483647;
			files = (
			);
			runOnlyForDeploymentPostprocessing = 0;
		};
		638CCD732F311808002D1962 /* Frameworks */ = {
			isa = PBXFrameworksBuildPhase;
			buildActionMask = 2147483647;
			files = (
			);
			runOnlyForDeploymentPostprocessing = 0;
		};
/* End PBXFrameworksBuildPhase section */

/* Begin PBXGroup section */
		638CCD562F311806002D1962 = {
			isa = PBXGroup;
			children = (
				638CCD612F311806002D1962 /* ShortVideoFeed */,
				638CCD6F2F311808002D1962 /* ShortVideoFeedTests */,
				638CCD792F311808002D1962 /* ShortVideoFeedUITests */,
				638CCD602F311806002D1962 /* Products */,
			);
			sourceTree = "<group>";
		};
		638CCD602F311806002D1962 /* Products */ = {
			isa = PBXGroup;
			children = (
				638CCD5F2F311806002D1962 /* ShortVideoFeed.app */,
				638CCD6C2F311808002D1962 /* ShortVideoFeedTests.xctest */,
				638CCD762F311808002D1962 /* ShortVideoFeedUITests.xctest */,
			);
			name = Products;
			sourceTree = "<group>";
		};
/* End PBXGroup section */

/* Begin PBXNativeTarget section */
		638CCD5E2F311806002D1962 /* ShortVideoFeed */ = {
			isa = PBXNativeTarget;
			buildConfigurationList = 638CCD802F311808002D1962 /* Build configuration list for PBXNativeTarget "ShortVideoFeed" */;
			buildPhases = (
				638CCD5B2F311806002D1962 /* Sources */,
				638CCD5C2F311806002D1962 /* Frameworks */,
				638CCD5D2F311806002D1962 /* Resources */,
			);
			buildRules = (
			);
			dependencies = (
			);
			fileSystemSynchronizedGroups = (
				638CCD612F311806002D1962 /* ShortVideoFeed */,
			);
			name = ShortVideoFeed;
			packageProductDependencies = (
			);
			productName = ShortVideoFeed;
			productReference = 638CCD5F2F311806002D1962 /* ShortVideoFeed.app */;
			productType = "com.apple.product-type.application";
		};
		638CCD6B2F311808002D1962 /* ShortVideoFeedTests */ = {
			isa = PBXNativeTarget;
			buildConfigurationList = 638CCD832F311808002D1962 /* Build configuration list for PBXNativeTarget "ShortVideoFeedTests" */;
			buildPhases = (
				638CCD682F311808002D1962 /* Sources */,
				638CCD692F311808002D1962 /* Frameworks */,
				638CCD6A2F311808002D1962 /* Resources */,
			);
			buildRules = (
			);
			dependencies = (
				638CCD6E2F311808002D1962 /* PBXTargetDependency */,
			);
			fileSystemSynchronizedGroups = (
				638CCD6F2F311808002D1962 /* ShortVideoFeedTests */,
			);
			name = ShortVideoFeedTests;
			packageProductDependencies = (
			);
			productName = ShortVideoFeedTests;
			productReference = 638CCD6C2F311808002D1962 /* ShortVideoFeedTests.xctest */;
			productType = "com.apple.product-type.bundle.unit-test";
		};
		638CCD752F311808002D1962 /* ShortVideoFeedUITests */ = {
			isa = PBXNativeTarget;
			buildConfigurationList = 638CCD862F311808002D1962 /* Build configuration list for PBXNativeTarget "ShortVideoFeedUITests" */;
			buildPhases = (
				638CCD722F311808002D1962 /* Sources */,
				638CCD732F311808002D1962 /* Frameworks */,
				638CCD742F311808002D1962 /* Resources */,
			);
			buildRules = (
			);
			dependencies = (
				638CCD782F311808002D1962 /* PBXTargetDependency */,
			);
			fileSystemSynchronizedGroups = (
				638CCD792F311808002D1962 /* ShortVideoFeedUITests */,
			);
			name = ShortVideoFeedUITests;
			packageProductDependencies = (
			);
			productName = ShortVideoFeedUITests;
			productReference = 638CCD762F311808002D1962 /* ShortVideoFeedUITests.xctest */;
			productType = "com.apple.product-type.bundle.ui-testing";
		};
/* End PBXNativeTarget section */

/* Begin PBXProject section */
		638CCD572F311806002D1962 /* Project object */ = {
			isa = PBXProject;
			attributes = {
				BuildIndependentTargetsInParallel = 1;
				LastSwiftUpdateCheck = 1630;
				LastUpgradeCheck = 1630;
				TargetAttributes = {
					638CCD5E2F311806002D1962 = {
						CreatedOnToolsVersion = 16.3;
					};
					638CCD6B2F311808002D1962 = {
						CreatedOnToolsVersion = 16.3;
						TestTargetID = 638CCD5E2F311806002D1962;
					};
					638CCD752F311808002D1962 = {
						CreatedOnToolsVersion = 16.3;
						TestTargetID = 638CCD5E2F311806002D1962;
					};
				};
			};
			buildConfigurationList = 638CCD5A2F311806002D1962 /* Build configuration list for PBXProject "ShortVideoFeed" */;
			developmentRegion = en;
			hasScannedForEncodings = 0;
			knownRegions = (
				en,
				Base,
			);
			mainGroup = 638CCD562F311806002D1962;
			minimizedProjectReferenceProxies = 1;
			preferredProjectObjectVersion = 77;
			productRefGroup = 638CCD602F311806002D1962 /* Products */;
			projectDirPath = "";
			projectRoot = "";
			targets = (
				638CCD5E2F311806002D1962 /* ShortVideoFeed */,
				638CCD6B2F311808002D1962 /* ShortVideoFeedTests */,
				638CCD752F311808002D1962 /* ShortVideoFeedUITests */,
			);
		};
/* End PBXProject section */

/* Begin PBXResourcesBuildPhase section */
		638CCD5D2F311806002D1962 /* Resources */ = {
			isa = PBXResourcesBuildPhase;
			buildActionMask = 2147483647;
			files = (
			);
			runOnlyForDeploymentPostprocessing = 0;
		};
		638CCD6A2F311808002D1962 /* Resources */ = {
			isa = PBXResourcesBuildPhase;
			buildActionMask = 2147483647;
			files = (
			);
			runOnlyForDeploymentPostprocessing = 0;
		};
		638CCD742F311808002D1962 /* Resources */ = {
			isa = PBXResourcesBuildPhase;
			buildActionMask = 2147483647;
			files = (
			);
			runOnlyForDeploymentPostprocessing = 0;
		};
/* End PBXResourcesBuildPhase section */

/* Begin PBXSourcesBuildPhase section */
		638CCD5B2F311806002D1962 /* Sources */ = {
			isa = PBXSourcesBuildPhase;
			buildActionMask = 2147483647;
			files = (
			);
			runOnlyForDeploymentPostprocessing = 0;
		};
		638CCD682F311808002D1962 /* Sources */ = {
			isa = PBXSourcesBuildPhase;
			buildActionMask = 2147483647;
			files = (
			);
			runOnlyForDeploymentPostprocessing = 0;
		};
		638CCD722F311808002D1962 /* Sources */ = {
			isa = PBXSourcesBuildPhase;
			buildActionMask = 2147483647;
			files = (
			);
			runOnlyForDeploymentPostprocessing = 0;
		};
/* End PBXSourcesBuildPhase section */

/* Begin PBXTargetDependency section */
		638CCD6E2F311808002D1962 /* PBXTargetDependency */ = {
			isa = PBXTargetDependency;
			target = 638CCD5E2F311806002D1962 /* ShortVideoFeed */;
			targetProxy = 638CCD6D2F311808002D1962 /* PBXContainerItemProxy */;
		};
		638CCD782F311808002D1962 /* PBXTargetDependency */ = {
			isa = PBXTargetDependency;
			target = 638CCD5E2F311806002D1962 /* ShortVideoFeed */;
			targetProxy = 638CCD772F311808002D1962 /* PBXContainerItemProxy */;
		};
/* End PBXTargetDependency section */

/* Begin XCBuildConfiguration section */
		638CCD7E2F311808002D1962 /* Debug */ = {
			isa = XCBuildConfiguration;
			buildSettings = {
				ALWAYS_SEARCH_USER_PATHS = NO;
				ASSETCATALOG_COMPILER_GENERATE_SWIFT_ASSET_SYMBOL_EXTENSIONS = YES;
				CLANG_ANALYZER_NONNULL = YES;
				CLANG_ANALYZER_NUMBER_OBJECT_CONVERSION = YES_AGGRESSIVE;
				CLANG_CXX_LANGUAGE_STANDARD = "gnu++20";
				CLANG_ENABLE_MODULES = YES;
				CLANG_ENABLE_OBJC_ARC = YES;
				CLANG_ENABLE_OBJC_WEAK = YES;
				CLANG_WARN_BLOCK_CAPTURE_AUTORELEASING = YES;
				CLANG_WARN_BOOL_CONVERSION = YES;
				CLANG_WARN_COMMA = YES;
				CLANG_WARN_CONSTANT_CONVERSION = YES;
				CLANG_WARN_DEPRECATED_OBJC_IMPLEMENTATIONS = YES;
				CLANG_WARN_DIRECT_OBJC_ISA_USAGE = YES_ERROR;
				CLANG_WARN_DOCUMENTATION_COMMENTS = YES;
				CLANG_WARN_EMPTY_BODY = YES;
				CLANG_WARN_ENUM_CONVERSION = YES;
				CLANG_WARN_INFINITE_RECURSION = YES;
				CLANG_WARN_INT_CONVERSION = YES;
				CLANG_WARN_NON_LITERAL_NULL_CONVERSION = YES;
				CLANG_WARN_OBJC_IMPLICIT_RETAIN_SELF = YES;
				CLANG_WARN_OBJC_LITERAL_CONVERSION = YES;
				CLANG_WARN_OBJC_ROOT_CLASS = YES_ERROR;
				CLANG_WARN_QUOTED_INCLUDE_IN_FRAMEWORK_HEADER = YES;
				CLANG_WARN_RANGE_LOOP_ANALYSIS = YES;
				CLANG_WARN_STRICT_PROTOTYPES = YES;
				CLANG_WARN_SUSPICIOUS_MOVE = YES;
				CLANG_WARN_UNGUARDED_AVAILABILITY = YES_AGGRESSIVE;
				CLANG_WARN_UNREACHABLE_CODE = YES;
				CLANG_WARN__DUPLICATE_METHOD_MATCH = YES;
				COPY_PHASE_STRIP = NO;
				DEBUG_INFORMATION_FORMAT = dwarf;
				DEVELOPMENT_TEAM = L5KQK28X5U;
				ENABLE_STRICT_OBJC_MSGSEND = YES;
				ENABLE_TESTABILITY = YES;
				ENABLE_USER_SCRIPT_SANDBOXING = YES;
				GCC_C_LANGUAGE_STANDARD = gnu17;
				GCC_DYNAMIC_NO_PIC = NO;
				GCC_NO_COMMON_BLOCKS = YES;
				GCC_OPTIMIZATION_LEVEL = 0;
				GCC_PREPROCESSOR_DEFINITIONS = (
					"DEBUG=1",
					"$(inherited)",
				);
				GCC_WARN_64_TO_32_BIT_CONVERSION = YES;
				GCC_WARN_ABOUT_RETURN_TYPE = YES_ERROR;
				GCC_WARN_UNDECLARED_SELECTOR = YES;
				GCC_WARN_UNINITIALIZED_AUTOS = YES_AGGRESSIVE;
				GCC_WARN_UNUSED_FUNCTION = YES;
				GCC_WARN_UNUSED_VARIABLE = YES;
				IPHONEOS_DEPLOYMENT_TARGET = 18.4;
				LOCALIZATION_PREFERS_STRING_CATALOGS = YES;
				MTL_ENABLE_DEBUG_INFO = INCLUDE_SOURCE;
				MTL_FAST_MATH = YES;
				ONLY_ACTIVE_ARCH = YES;
				SDKROOT = iphoneos;
				SWIFT_ACTIVE_COMPILATION_CONDITIONS = "DEBUG $(inherited)";
				SWIFT_OPTIMIZATION_LEVEL = "-Onone";
			};
			name = Debug;
		};
		638CCD7F2F311808002D1962 /* Release */ = {
			isa = XCBuildConfiguration;
			buildSettings = {
				ALWAYS_SEARCH_USER_PATHS = NO;
				ASSETCATALOG_COMPILER_GENERATE_SWIFT_ASSET_SYMBOL_EXTENSIONS = YES;
				CLANG_ANALYZER_NONNULL = YES;
				CLANG_ANALYZER_NUMBER_OBJECT_CONVERSION = YES_AGGRESSIVE;
				CLANG_CXX_LANGUAGE_STANDARD = "gnu++20";
				CLANG_ENABLE_MODULES = YES;
				CLANG_ENABLE_OBJC_ARC = YES;
				CLANG_ENABLE_OBJC_WEAK = YES;
				CLANG_WARN_BLOCK_CAPTURE_AUTORELEASING = YES;
				CLANG_WARN_BOOL_CONVERSION = YES;
				CLANG_WARN_COMMA = YES;
				CLANG_WARN_CONSTANT_CONVERSION = YES;
				CLANG_WARN_DEPRECATED_OBJC_IMPLEMENTATIONS = YES;
				CLANG_WARN_DIRECT_OBJC_ISA_USAGE = YES_ERROR;
				CLANG_WARN_DOCUMENTATION_COMMENTS = YES;
				CLANG_WARN_EMPTY_BODY = YES;
				CLANG_WARN_ENUM_CONVERSION = YES;
				CLANG_WARN_INFINITE_RECURSION = YES;
				CLANG_WARN_INT_CONVERSION = YES;
				CLANG_WARN_NON_LITERAL_NULL_CONVERSION = YES;
				CLANG_WARN_OBJC_IMPLICIT_RETAIN_SELF = YES;
				CLANG_WARN_OBJC_LITERAL_CONVERSION = YES;
				CLANG_WARN_OBJC_ROOT_CLASS = YES_ERROR;
				CLANG_WARN_QUOTED_INCLUDE_IN_FRAMEWORK_HEADER = YES;
				CLANG_WARN_RANGE_LOOP_ANALYSIS = YES;
				CLANG_WARN_STRICT_PROTOTYPES = YES;
				CLANG_WARN_SUSPICIOUS_MOVE = YES;
				CLANG_WARN_UNGUARDED_AVAILABILITY = YES_AGGRESSIVE;
				CLANG_WARN_UNREACHABLE_CODE = YES;
				CLANG_WARN__DUPLICATE_METHOD_MATCH = YES;
				COPY_PHASE_STRIP = NO;
				DEBUG_INFORMATION_FORMAT = "dwarf-with-dsym";
				DEVELOPMENT_TEAM = L5KQK28X5U;
				ENABLE_NS_ASSERTIONS = NO;
				ENABLE_STRICT_OBJC_MSGSEND = YES;
				ENABLE_USER_SCRIPT_SANDBOXING = YES;
				GCC_C_LANGUAGE_STANDARD = gnu17;
				GCC_NO_COMMON_BLOCKS = YES;
				GCC_WARN_64_TO_32_BIT_CONVERSION = YES;
				GCC_WARN_ABOUT_RETURN_TYPE = YES_ERROR;
				GCC_WARN_UNDECLARED_SELECTOR = YES;
				GCC_WARN_UNINITIALIZED_AUTOS = YES_AGGRESSIVE;
				GCC_WARN_UNUSED_FUNCTION = YES;
				GCC_WARN_UNUSED_VARIABLE = YES;
				IPHONEOS_DEPLOYMENT_TARGET = 18.4;
				LOCALIZATION_PREFERS_STRING_CATALOGS = YES;
				MTL_ENABLE_DEBUG_INFO = NO;
				MTL_FAST_MATH = YES;
				SDKROOT = iphoneos;
				SWIFT_COMPILATION_MODE = wholemodule;
				VALIDATE_PRODUCT = YES;
			};
			name = Release;
		};
		638CCD812F311808002D1962 /* Debug */ = {
			isa = XCBuildConfiguration;
			buildSettings = {
				ASSETCATALOG_COMPILER_APPICON_NAME = AppIcon;
				ASSETCATALOG_COMPILER_GLOBAL_ACCENT_COLOR_NAME = AccentColor;
				CODE_SIGN_STYLE = Automatic;
				CURRENT_PROJECT_VERSION = 1;
				DEVELOPMENT_TEAM = L5KQK28X5U;
				ENABLE_PREVIEWS = YES;
				GENERATE_INFOPLIST_FILE = YES;
				INFOPLIST_KEY_UIApplicationSceneManifest_Generation = YES;
				INFOPLIST_KEY_UIApplicationSupportsIndirectInputEvents = YES;
				INFOPLIST_KEY_UILaunchScreen_Generation = YES;
				INFOPLIST_KEY_UISupportedInterfaceOrientations_iPad = "UIInterfaceOrientationPortrait UIInterfaceOrientationPortraitUpsideDown UIInterfaceOrientationLandscapeLeft UIInterfaceOrientationLandscapeRight";
				INFOPLIST_KEY_UISupportedInterfaceOrientations_iPhone = "UIInterfaceOrientationPortrait UIInterfaceOrientationLandscapeLeft UIInterfaceOrientationLandscapeRight";
				LD_RUNPATH_SEARCH_PATHS = (
					"$(inherited)",
					"@executable_path/Frameworks",
				);
				MARKETING_VERSION = 1.0;
				PRODUCT_BUNDLE_IDENTIFIER = com.tesleemamuda.ShortVideoFeed;
				PRODUCT_NAME = "$(TARGET_NAME)";
				SWIFT_EMIT_LOC_STRINGS = YES;
				SWIFT_VERSION = 5.0;
				TARGETED_DEVICE_FAMILY = "1,2";
			};
			name = Debug;
		};
		638CCD822F311808002D1962 /* Release */ = {
			isa = XCBuildConfiguration;
			buildSettings = {
				ASSETCATALOG_COMPILER_APPICON_NAME = AppIcon;
				ASSETCATALOG_COMPILER_GLOBAL_ACCENT_COLOR_NAME = AccentColor;
				CODE_SIGN_STYLE = Automatic;
				CURRENT_PROJECT_VERSION = 1;
				DEVELOPMENT_TEAM = L5KQK28X5U;
				ENABLE_PREVIEWS = YES;
				GENERATE_INFOPLIST_FILE = YES;
				INFOPLIST_KEY_UIApplicationSceneManifest_Generation = YES;
				INFOPLIST_KEY_UIApplicationSupportsIndirectInputEvents = YES;
				INFOPLIST_KEY_UILaunchScreen_Generation = YES;
				INFOPLIST_KEY_UISupportedInterfaceOrientations_iPad = "UIInterfaceOrientationPortrait UIInterfaceOrientationPortraitUpsideDown UIInterfaceOrientationLandscapeLeft UIInterfaceOrientationLandscapeRight";
				INFOPLIST_KEY_UISupportedInterfaceOrientations_iPhone = "UIInterfaceOrientationPortrait UIInterfaceOrientationLandscapeLeft UIInterfaceOrientationLandscapeRight";
				LD_RUNPATH_SEARCH_PATHS = (
					"$(inherited)",
					"@executable_path/Frameworks",
				);
				MARKETING_VERSION = 1.0;
				PRODUCT_BUNDLE_IDENTIFIER = com.tesleemamuda.ShortVideoFeed;
				PRODUCT_NAME = "$(TARGET_NAME)";
				SWIFT_EMIT_LOC_STRINGS = YES;
				SWIFT_VERSION = 5.0;
				TARGETED_DEVICE_FAMILY = "1,2";
			};
			name = Release;
		};
		638CCD842F311808002D1962 /* Debug */ = {
			isa = XCBuildConfiguration;
			buildSettings = {
				BUNDLE_LOADER = "$(TEST_HOST)";
				CODE_SIGN_STYLE = Automatic;
				CURRENT_PROJECT_VERSION = 1;
				DEVELOPMENT_TEAM = L5KQK28X5U;
				GENERATE_INFOPLIST_FILE = YES;
				IPHONEOS_DEPLOYMENT_TARGET = 18.4;
				MARKETING_VERSION = 1.0;
				PRODUCT_BUNDLE_IDENTIFIER = com.tesleemamuda.ShortVideoFeedTests;
				PRODUCT_NAME = "$(TARGET_NAME)";
				SWIFT_EMIT_LOC_STRINGS = NO;
				SWIFT_VERSION = 5.0;
				TARGETED_DEVICE_FAMILY = "1,2";
				TEST_HOST = "$(BUILT_PRODUCTS_DIR)/ShortVideoFeed.app/$(BUNDLE_EXECUTABLE_FOLDER_PATH)/ShortVideoFeed";
			};
			name = Debug;
		};
		638CCD852F311808002D1962 /* Release */ = {
			isa = XCBuildConfiguration;
			buildSettings = {
				BUNDLE_LOADER = "$(TEST_HOST)";
				CODE_SIGN_STYLE = Automatic;
				CURRENT_PROJECT_VERSION = 1;
				DEVELOPMENT_TEAM = L5KQK28X5U;
				GENERATE_INFOPLIST_FILE = YES;
				IPHONEOS_DEPLOYMENT_TARGET = 18.4;
				MARKETING_VERSION = 1.0;
				PRODUCT_BUNDLE_IDENTIFIER = com.tesleemamuda.ShortVideoFeedTests;
				PRODUCT_NAME = "$(TARGET_NAME)";
				SWIFT_EMIT_LOC_STRINGS = NO;
				SWIFT_VERSION = 5.0;
				TARGETED_DEVICE_FAMILY = "1,2";
				TEST_HOST = "$(BUILT_PRODUCTS_DIR)/ShortVideoFeed.app/$(BUNDLE_EXECUTABLE_FOLDER_PATH)/ShortVideoFeed";
			};
			name = Release;
		};
		638CCD872F311808002D1962 /* Debug */ = {
			isa = XCBuildConfiguration;
			buildSettings = {
				CODE_SIGN_STYLE = Automatic;
				CURRENT_PROJECT_VERSION = 1;
				DEVELOPMENT_TEAM = L5KQK28X5U;
				GENERATE_INFOPLIST_FILE = YES;
				MARKETING_VERSION = 1.0;
				PRODUCT_BUNDLE_IDENTIFIER = com.tesleemamuda.ShortVideoFeedUITests;
				PRODUCT_NAME = "$(TARGET_NAME)";
				SWIFT_EMIT_LOC_STRINGS = NO;
				SWIFT_VERSION = 5.0;
				TARGETED_DEVICE_FAMILY = "1,2";
				TEST_TARGET_NAME = ShortVideoFeed;
			};
			name = Debug;
		};
		638CCD882F311808002D1962 /* Release */ = {
			isa = XCBuildConfiguration;
			buildSettings = {
				CODE_SIGN_STYLE = Automatic;
				CURRENT_PROJECT_VERSION = 1;
				DEVELOPMENT_TEAM = L5KQK28X5U;
				GENERATE_INFOPLIST_FILE = YES;
				MARKETING_VERSION = 1.0;
				PRODUCT_BUNDLE_IDENTIFIER = com.tesleemamuda.ShortVideoFeedUITests;
				PRODUCT_NAME = "$(TARGET_NAME)";
				SWIFT_EMIT_LOC_STRINGS = NO;
				SWIFT_VERSION = 5.0;
				TARGETED_DEVICE_FAMILY = "1,2";
				TEST_TARGET_NAME = ShortVideoFeed;
			};
			name = Release;
		};
/* End XCBuildConfiguration section */

/* Begin XCConfigurationList section */
		638CCD5A2F311806002D1962 /* Build configuration list for PBXProject "ShortVideoFeed" */ = {
			isa = XCConfigurationList;
			buildConfigurations = (
				638CCD7E2F311808002D1962 /* Debug */,
				638CCD7F2F311808002D1962 /* Release */,
			);
			defaultConfigurationIsVisible = 0;
			defaultConfigurationName = Release;
		};
		638CCD802F311808002D1962 /* Build configuration list for PBXNativeTarget "ShortVideoFeed" */ = {
			isa = XCConfigurationList;
			buildConfigurations = (
				638CCD812F311808002D1962 /* Debug */,
				638CCD822F311808002D1962 /* Release */,
			);
			defaultConfigurationIsVisible = 0;
			defaultConfigurationName = Release;
		};
		638CCD832F311808002D1962 /* Build configuration list for PBXNativeTarget "ShortVideoFeedTests" */ = {
			isa = XCConfigurationList;
			buildConfigurations = (
				638CCD842F311808002D1962 /* Debug */,
				638CCD852F311808002D1962 /* Release */,
			);
			defaultConfigurationIsVisible = 0;
			defaultConfigurationName = Release;
		};
		638CCD862F311808002D1962 /* Build configuration list for PBXNativeTarget "ShortVideoFeedUITests" */ = {
			isa = XCConfigurationList;
			buildConfigurations = (
				638CCD872F311808002D1962 /* Debug */,
				638CCD882F311808002D1962 /* Release */,
			);
			defaultConfigurationIsVisible = 0;
			defaultConfigurationName = Release;
		};
/* End XCConfigurationList section */
	};
	rootObject = 638CCD572F311806002D1962 /* Project object */;
}
